<?xml version="1.0" encoding="utf-8"?>
<Project ToolsVersion="4.0" xmlns="http://schemas.microsoft.com/developer/msbuild/2003">
  <ItemGroup>
    <Filter Include="Source Files">
      <UniqueIdentifier>{4FC737F1-C7A5-4376-A066-2A32D752A2FF}</UniqueIdentifier>
      <Extensions>cpp;c;cc;cxx;def;odl;idl;hpj;bat;asm;asmx</Extensions>
    </Filter>
    <Filter Include="Header Files">
      <UniqueIdentifier>{93995380-89BD-4b04-88EB-625FBE52EBFB}</UniqueIdentifier>
      <Extensions>h;hh;hpp;hxx;hm;inl;inc;ipp;xsd</Extensions>
    </Filter>
    <Filter Include="Resource Files">
      <UniqueIdentifier>{67DA6AB6-F800-4c08-8B7A-83BB121AAD01}</UniqueIdentifier>
      <Extensions>rc;ico;cur;bmp;dlg;rc2;rct;bin;rgs;gif;jpg;jpeg;jpe;resx;tiff;tif;png;wav;mfcribbon-ms</Extensions>
    </Filter>
    <Filter Include="Header Files\Game">
      <UniqueIdentifier>{9369702c-fd4b-43e9-94fa-b9f278c9a113}</UniqueIdentifier>
    </Filter>
    <Filter Include="Header Files\Interface">
      <UniqueIdentifier>{b51c9a62-9578-4e90-9e4b-48b0c83ef548}</UniqueIdentifier>
    </Filter>
    <Filter Include="Source Files\Game">
      <UniqueIdentifier>{4bba5877-ff93-47d1-867e-3255088d0e78}</UniqueIdentifier>
    </Filter>
    <Filter Include="Source Files\Interface">
      <UniqueIdentifier>{987dbcbd-98e2-4226-8545-4b66669dd090}</UniqueIdentifier>
    </Filter>
  </ItemGroup>
  <ItemGroup>
    <ClInclude Include="Game.h">
      <Filter>Header Files\Game</Filter>
    </ClInclude>
    <ClInclude Include="Player.h">
      <Filter>Header Files\Game</Filter>
    </ClInclude>
    <ClInclude Include="Square.h">
      <Filter>Header Files\Game</Filter>
    </ClInclude>
    <ClInclude Include="Board.h">
      <Filter>Header Files\Game</Filter>
    </ClInclude>
    <ClInclude Include="ILogInterface.h">
      <Filter>Header Files\Game</Filter>
    </ClInclude>
    <ClInclude Include="INetInterface.h">
      <Filter>Header Files\Game</Filter>
    </ClInclude>
    <ClInclude Include="Ship.h">
      <Filter>Header Files\Game</Filter>
    </ClInclude>
    <ClInclude Include="PlayerAI.h">
      <Filter>Header Files\Game</Filter>
    </ClInclude>
    <ClInclude Include="PlayerHuman.h">
      <Filter>Header Files\Game</Filter>
    </ClInclude>
    <ClInclude Include="PlayerRemote.h">
      <Filter>Header Files\Game</Filter>
    </ClInclude>
    <ClInclude Include="BoardLocal.h">
      <Filter>Header Files\Game</Filter>
    </ClInclude>
    <ClInclude Include="BoardRemote.h">
      <Filter>Header Files\Game</Filter>
    </ClInclude>
    <ClInclude Include="PlannerLocal.h">
      <Filter>Header Files\Game</Filter>
    </ClInclude>
    <ClInclude Include="IUserInterface.h">
      <Filter>Header Files\Interface</Filter>
    </ClInclude>
    <ClInclude Include="IDllInterface.h">
      <Filter>Header Files\Interface</Filter>
    </ClInclude>
    <ClInclude Include="UserDllInterface.h">
      <Filter>Header Files\Interface</Filter>
    </ClInclude>
    <ClInclude Include="CreatorBoard.h">
      <Filter>Header Files\Game</Filter>
    </ClInclude>
    <ClInclude Include="PlannerLocalAI.h">
      <Filter>Header Files</Filter>
    </ClInclude>
  </ItemGroup>
  <ItemGroup>
    <ClCompile Include="Game.cpp">
      <Filter>Source Files\Game</Filter>
    </ClCompile>
    <ClCompile Include="Player.cpp">
      <Filter>Source Files\Game</Filter>
    </ClCompile>
    <ClCompile Include="Square.cpp">
      <Filter>Source Files\Game</Filter>
    </ClCompile>
    <ClCompile Include="Board.cpp">
      <Filter>Source Files\Game</Filter>
    </ClCompile>
    <ClCompile Include="ILogInterface.cpp">
      <Filter>Source Files\Game</Filter>
    </ClCompile>
    <ClCompile Include="INetInterface.cpp">
      <Filter>Source Files\Game</Filter>
    </ClCompile>
    <ClCompile Include="Ship.cpp">
      <Filter>Source Files\Game</Filter>
    </ClCompile>
    <ClCompile Include="PlayerAI.cpp">
      <Filter>Source Files\Game</Filter>
    </ClCompile>
    <ClCompile Include="PlayerHuman.cpp">
      <Filter>Source Files\Game</Filter>
    </ClCompile>
    <ClCompile Include="PlayerRemote.cpp">
      <Filter>Source Files\Game</Filter>
    </ClCompile>
    <ClCompile Include="BoardLocal.cpp">
      <Filter>Source Files\Game</Filter>
    </ClCompile>
    <ClCompile Include="BoardRemote.cpp">
      <Filter>Source Files\Game</Filter>
    </ClCompile>
    <ClCompile Include="PlannerLocal.cpp">
      <Filter>Source Files\Game</Filter>
    </ClCompile>
    <ClCompile Include="IDllInterface.cpp">
      <Filter>Source Files\Interface</Filter>
    </ClCompile>
    <ClCompile Include="UserDllInterface.cpp">
      <Filter>Source Files\Interface</Filter>
    </ClCompile>
    <ClCompile Include="CreatorBoard.cpp">
      <Filter>Source Files\Game</Filter>
    </ClCompile>
    <ClCompile Include="PlannerLocalAI.cpp">
      <Filter>Source Files</Filter>
    </ClCompile>
  </ItemGroup>
  <ItemGroup>
    <Text Include="BoardImageRules.txt">
      <Filter>Resource Files</Filter>
    </Text>
  </ItemGroup>
</Project>